// !$*UTF8*$!
{
	archiveVersion = 1;
	classes = {
	};
	objectVersion = 50;
	objects = {

/* Begin PBXBuildFile section */
		BA8739BC25E47E8400C3240B /* UIViewController in Sources */ = {isa = PBXBuildFile; fileRef = BA8739BB25E47E8400C3240B /* UIViewController */; };
		BA8739BF25E47E9700C3240B /* LoginViewController.swift in Sources */ = {isa = PBXBuildFile; fileRef = BA8739BE25E47E9700C3240B /* LoginViewController.swift */; };
		BA8739C225E47EAE00C3240B /* ChatViewController.swift in Sources */ = {isa = PBXBuildFile; fileRef = BA8739C125E47EAE00C3240B /* ChatViewController.swift */; };
		BA8739C925E49D8D00C3240B /* RegisterViewController.swift in Sources */ = {isa = PBXBuildFile; fileRef = BA8739C825E49D8D00C3240B /* RegisterViewController.swift */; };
		BAACA5FC25E466F7001761B1 /* AppDelegate.swift in Sources */ = {isa = PBXBuildFile; fileRef = BAACA5FB25E466F7001761B1 /* AppDelegate.swift */; };
		BAACA5FE25E466F7001761B1 /* SceneDelegate.swift in Sources */ = {isa = PBXBuildFile; fileRef = BAACA5FD25E466F7001761B1 /* SceneDelegate.swift */; };
		BAACA60025E466F7001761B1 /* ViewController.swift in Sources */ = {isa = PBXBuildFile; fileRef = BAACA5FF25E466F7001761B1 /* ViewController.swift */; };
		BAACA60325E466F7001761B1 /* Main.storyboard in Resources */ = {isa = PBXBuildFile; fileRef = BAACA60125E466F7001761B1 /* Main.storyboard */; };
		BAACA60525E466F8001761B1 /* Assets.xcassets in Resources */ = {isa = PBXBuildFile; fileRef = BAACA60425E466F8001761B1 /* Assets.xcassets */; };
		BAACA60825E466F8001761B1 /* LaunchScreen.storyboard in Resources */ = {isa = PBXBuildFile; fileRef = BAACA60625E466F8001761B1 /* LaunchScreen.storyboard */; };
		FEEFD7DB578E4AB3169C94BE /* Pods_Chat_App.framework in Frameworks */ = {isa = PBXBuildFile; fileRef = D596699E00E9F7DA9203045B /* Pods_Chat_App.framework */; };
/* End PBXBuildFile section */

/* Begin PBXFileReference section */
		4707485C1E7A8EFC8CD7AAFC /* Pods-Chat-App.release.xcconfig */ = {isa = PBXFileReference; includeInIndex = 1; lastKnownFileType = text.xcconfig; name = "Pods-Chat-App.release.xcconfig"; path = "Target Support Files/Pods-Chat-App/Pods-Chat-App.release.xcconfig"; sourceTree = "<group>"; };
		B462923CB20E3A8F4B0F9C56 /* Pods-Chat-App.debug.xcconfig */ = {isa = PBXFileReference; includeInIndex = 1; lastKnownFileType = text.xcconfig; name = "Pods-Chat-App.debug.xcconfig"; path = "Target Support Files/Pods-Chat-App/Pods-Chat-App.debug.xcconfig"; sourceTree = "<group>"; };
		BA8739BB25E47E8400C3240B /* UIViewController */ = {isa = PBXFileReference; lastKnownFileType = text; path = UIViewController; sourceTree = "<group>"; };
		BA8739BE25E47E9700C3240B /* LoginViewController.swift */ = {isa = PBXFileReference; lastKnownFileType = sourcecode.swift; path = LoginViewController.swift; sourceTree = "<group>"; };
		BA8739C125E47EAE00C3240B /* ChatViewController.swift */ = {isa = PBXFileReference; lastKnownFileType = sourcecode.swift; path = ChatViewController.swift; sourceTree = "<group>"; };
		BA8739C825E49D8D00C3240B /* RegisterViewController.swift */ = {isa = PBXFileReference; lastKnownFileType = sourcecode.swift; path = RegisterViewController.swift; sourceTree = "<group>"; };
		BAACA5F825E466F7001761B1 /* Chat-App.app */ = {isa = PBXFileReference; explicitFileType = wrapper.application; includeInIndex = 0; path = "Chat-App.app"; sourceTree = BUILT_PRODUCTS_DIR; };
		BAACA5FB25E466F7001761B1 /* AppDelegate.swift */ = {isa = PBXFileReference; lastKnownFileType = sourcecode.swift; path = AppDelegate.swift; sourceTree = "<group>"; };
		BAACA5FD25E466F7001761B1 /* SceneDelegate.swift */ = {isa = PBXFileReference; lastKnownFileType = sourcecode.swift; path = SceneDelegate.swift; sourceTree = "<group>"; };
		BAACA5FF25E466F7001761B1 /* ViewController.swift */ = {isa = PBXFileReference; lastKnownFileType = sourcecode.swift; path = ViewController.swift; sourceTree = "<group>"; };
		BAACA60225E466F7001761B1 /* Base */ = {isa = PBXFileReference; lastKnownFileType = file.storyboard; name = Base; path = Base.lproj/Main.storyboard; sourceTree = "<group>"; };
		BAACA60425E466F8001761B1 /* Assets.xcassets */ = {isa = PBXFileReference; lastKnownFileType = folder.assetcatalog; path = Assets.xcassets; sourceTree = "<group>"; };
		BAACA60725E466F8001761B1 /* Base */ = {isa = PBXFileReference; lastKnownFileType = file.storyboard; name = Base; path = Base.lproj/LaunchScreen.storyboard; sourceTree = "<group>"; };
		BAACA60925E466F8001761B1 /* Info.plist */ = {isa = PBXFileReference; lastKnownFileType = text.plist.xml; path = Info.plist; sourceTree = "<group>"; };
		D596699E00E9F7DA9203045B /* Pods_Chat_App.framework */ = {isa = PBXFileReference; explicitFileType = wrapper.framework; includeInIndex = 0; path = Pods_Chat_App.framework; sourceTree = BUILT_PRODUCTS_DIR; };
/* End PBXFileReference section */

/* Begin PBXFrameworksBuildPhase section */
		BAACA5F525E466F7001761B1 /* Frameworks */ = {
			isa = PBXFrameworksBuildPhase;
			buildActionMask = 2147483647;
			files = (
				FEEFD7DB578E4AB3169C94BE /* Pods_Chat_App.framework in Frameworks */,
			);
			runOnlyForDeploymentPostprocessing = 0;
		};
/* End PBXFrameworksBuildPhase section */

/* Begin PBXGroup section */
		7E495C59B0F6BA5D9B2A196D /* Pods */ = {
			isa = PBXGroup;
			children = (
				B462923CB20E3A8F4B0F9C56 /* Pods-Chat-App.debug.xcconfig */,
				4707485C1E7A8EFC8CD7AAFC /* Pods-Chat-App.release.xcconfig */,
			);
			name = Pods;
			path = Pods;
			sourceTree = "<group>";
		};
		BAACA5EF25E466F7001761B1 = {
			isa = PBXGroup;
			children = (
				BAACA5FA25E466F7001761B1 /* Chat-App */,
				BAACA5F925E466F7001761B1 /* Products */,
				7E495C59B0F6BA5D9B2A196D /* Pods */,
				D7266CC05EF527E0E11BC9E2 /* Frameworks */,
			);
			sourceTree = "<group>";
		};
		BAACA5F925E466F7001761B1 /* Products */ = {
			isa = PBXGroup;
			children = (
				BAACA5F825E466F7001761B1 /* Chat-App.app */,
			);
			name = Products;
			sourceTree = "<group>";
		};
		BAACA5FA25E466F7001761B1 /* Chat-App */ = {
			isa = PBXGroup;
			children = (
				BAACA5FB25E466F7001761B1 /* AppDelegate.swift */,
				BAACA5FD25E466F7001761B1 /* SceneDelegate.swift */,
				BAACA60125E466F7001761B1 /* Main.storyboard */,
				BAACA5FF25E466F7001761B1 /* ViewController.swift */,
				BA8739BB25E47E8400C3240B /* UIViewController */,
				BA8739BE25E47E9700C3240B /* LoginViewController.swift */,
				BA8739C125E47EAE00C3240B /* ChatViewController.swift */,
				BAACA60425E466F8001761B1 /* Assets.xcassets */,
				BAACA60625E466F8001761B1 /* LaunchScreen.storyboard */,
				BAACA60925E466F8001761B1 /* Info.plist */,
				BA8739C825E49D8D00C3240B /* RegisterViewController.swift */,
			);
			path = "Chat-App";
			sourceTree = "<group>";
		};
		D7266CC05EF527E0E11BC9E2 /* Frameworks */ = {
			isa = PBXGroup;
			children = (
				D596699E00E9F7DA9203045B /* Pods_Chat_App.framework */,
			);
			name = Frameworks;
			sourceTree = "<group>";
		};
/* End PBXGroup section */

/* Begin PBXNativeTarget section */
		BAACA5F725E466F7001761B1 /* Chat-App */ = {
			isa = PBXNativeTarget;
			buildConfigurationList = BAACA60C25E466F8001761B1 /* Build configuration list for PBXNativeTarget "Chat-App" */;
			buildPhases = (
				18D5AE73AB2D9C885AC4C48D /* [CP] Check Pods Manifest.lock */,
				BAACA5F425E466F7001761B1 /* Sources */,
				BAACA5F525E466F7001761B1 /* Frameworks */,
				BAACA5F625E466F7001761B1 /* Resources */,
				412D13CEB9EB7134EFA404DB /* [CP] Embed Pods Frameworks */,
			);
			buildRules = (
			);
			dependencies = (
			);
			name = "Chat-App";
			productName = "Chat-App";
			productReference = BAACA5F825E466F7001761B1 /* Chat-App.app */;
			productType = "com.apple.product-type.application";
		};
/* End PBXNativeTarget section */

/* Begin PBXProject section */
		BAACA5F025E466F7001761B1 /* Project object */ = {
			isa = PBXProject;
			attributes = {
				LastSwiftUpdateCheck = 1240;
				LastUpgradeCheck = 1240;
				TargetAttributes = {
					BAACA5F725E466F7001761B1 = {
						CreatedOnToolsVersion = 12.4;
					};
				};
			};
			buildConfigurationList = BAACA5F325E466F7001761B1 /* Build configuration list for PBXProject "Chat-App" */;
			compatibilityVersion = "Xcode 9.3";
			developmentRegion = en;
			hasScannedForEncodings = 0;
			knownRegions = (
				en,
				Base,
			);
			mainGroup = BAACA5EF25E466F7001761B1;
			productRefGroup = BAACA5F925E466F7001761B1 /* Products */;
			projectDirPath = "";
			projectRoot = "";
			targets = (
				BAACA5F725E466F7001761B1 /* Chat-App */,
			);
		};
/* End PBXProject section */

/* Begin PBXResourcesBuildPhase section */
		BAACA5F625E466F7001761B1 /* Resources */ = {
			isa = PBXResourcesBuildPhase;
			buildActionMask = 2147483647;
			files = (
				BAACA60825E466F8001761B1 /* LaunchScreen.storyboard in Resources */,
				BAACA60525E466F8001761B1 /* Assets.xcassets in Resources */,
				BAACA60325E466F7001761B1 /* Main.storyboard in Resources */,
			);
			runOnlyForDeploymentPostprocessing = 0;
		};
/* End PBXResourcesBuildPhase section */

/* Begin PBXShellScriptBuildPhase section */
		18D5AE73AB2D9C885AC4C48D /* [CP] Check Pods Manifest.lock */ = {
			isa = PBXShellScriptBuildPhase;
			buildActionMask = 2147483647;
			files = (
			);
			inputFileListPaths = (
			);
			inputPaths = (
				"${PODS_PODFILE_DIR_PATH}/Podfile.lock",
				"${PODS_ROOT}/Manifest.lock",
			);
			name = "[CP] Check Pods Manifest.lock";
			outputFileListPaths = (
			);
			outputPaths = (
				"$(DERIVED_FILE_DIR)/Pods-Chat-App-checkManifestLockResult.txt",
			);
			runOnlyForDeploymentPostprocessing = 0;
			shellPath = /bin/sh;
			shellScript = "diff \"${PODS_PODFILE_DIR_PATH}/Podfile.lock\" \"${PODS_ROOT}/Manifest.lock\" > /dev/null\nif [ $? != 0 ] ; then\n    # print error to STDERR\n    echo \"error: The sandbox is not in sync with the Podfile.lock. Run 'pod install' or update your CocoaPods installation.\" >&2\n    exit 1\nfi\n# This output is used by Xcode 'outputs' to avoid re-running this script phase.\necho \"SUCCESS\" > \"${SCRIPT_OUTPUT_FILE_0}\"\n";
			showEnvVarsInLog = 0;
		};
		412D13CEB9EB7134EFA404DB /* [CP] Embed Pods Frameworks */ = {
			isa = PBXShellScriptBuildPhase;
			buildActionMask = 2147483647;
			files = (
			);
			inputFileListPaths = (
				"${PODS_ROOT}/Target Support Files/Pods-Chat-App/Pods-Chat-App-frameworks-${CONFIGURATION}-input-files.xcfilelist",
			);
			name = "[CP] Embed Pods Frameworks";
			outputFileListPaths = (
				"${PODS_ROOT}/Target Support Files/Pods-Chat-App/Pods-Chat-App-frameworks-${CONFIGURATION}-output-files.xcfilelist",
			);
			runOnlyForDeploymentPostprocessing = 0;
			shellPath = /bin/sh;
			shellScript = "\"${PODS_ROOT}/Target Support Files/Pods-Chat-App/Pods-Chat-App-frameworks.sh\"\n";
			showEnvVarsInLog = 0;
		};
/* End PBXShellScriptBuildPhase section */

/* Begin PBXSourcesBuildPhase section */
		BAACA5F425E466F7001761B1 /* Sources */ = {
			isa = PBXSourcesBuildPhase;
			buildActionMask = 2147483647;
			files = (
				BAACA60025E466F7001761B1 /* ViewController.swift in Sources */,
				BAACA5FC25E466F7001761B1 /* AppDelegate.swift in Sources */,
				BA8739C925E49D8D00C3240B /* RegisterViewController.swift in Sources */,
				BAACA5FE25E466F7001761B1 /* SceneDelegate.swift in Sources */,
				BA8739BF25E47E9700C3240B /* LoginViewController.swift in Sources */,
				BA8739C225E47EAE00C3240B /* ChatViewController.swift in Sources */,
				BA8739BC25E47E8400C3240B /* UIViewController in Sources */,
			);
			runOnlyForDeploymentPostprocessing = 0;
		};
/* End PBXSourcesBuildPhase section */

/* Begin PBXVariantGroup section */
		BAACA60125E466F7001761B1 /* Main.storyboard */ = {
			isa = PBXVariantGroup;
			children = (
				BAACA60225E466F7001761B1 /* Base */,
			);
			name = Main.storyboard;
			sourceTree = "<group>";
		};
		BAACA60625E466F8001761B1 /* LaunchScreen.storyboard */ = {
			isa = PBXVariantGroup;
			children = (
				BAACA60725E466F8001761B1 /* Base */,
			);
			name = LaunchScreen.storyboard;
			sourceTree = "<group>";
		};
/* End PBXVariantGroup section */

/* Begin XCBuildConfiguration section */
		BAACA60A25E466F8001761B1 /* Debug */ = {
			isa = XCBuildConfiguration;
			buildSettings = {
				ALWAYS_SEARCH_USER_PATHS = NO;
				CLANG_ANALYZER_NONNULL = YES;
				CLANG_ANALYZER_NUMBER_OBJECT_CONVERSION = YES_AGGRESSIVE;
				CLANG_CXX_LANGUAGE_STANDARD = "gnu++14";
				CLANG_CXX_LIBRARY = "libc++";
				CLANG_ENABLE_MODULES = YES;
				CLANG_ENABLE_OBJC_ARC = YES;
				CLANG_ENABLE_OBJC_WEAK = YES;
				CLANG_WARN_BLOCK_CAPTURE_AUTORELEASING = YES;
				CLANG_WARN_BOOL_CONVERSION = YES;
				CLANG_WARN_COMMA = YES;
				CLANG_WARN_CONSTANT_CONVERSION = YES;
				CLANG_WARN_DEPRECATED_OBJC_IMPLEMENTATIONS = YES;
				CLANG_WARN_DIRECT_OBJC_ISA_USAGE = YES_ERROR;
				CLANG_WARN_DOCUMENTATION_COMMENTS = YES;
				CLANG_WARN_EMPTY_BODY = YES;
				CLANG_WARN_ENUM_CONVERSION = YES;
				CLANG_WARN_INFINITE_RECURSION = YES;
				CLANG_WARN_INT_CONVERSION = YES;
				CLANG_WARN_NON_LITERAL_NULL_CONVERSION = YES;
				CLANG_WARN_OBJC_IMPLICIT_RETAIN_SELF = YES;
				CLANG_WARN_OBJC_LITERAL_CONVERSION = YES;
				CLANG_WARN_OBJC_ROOT_CLASS = YES_ERROR;
				CLANG_WARN_QUOTED_INCLUDE_IN_FRAMEWORK_HEADER = YES;
				CLANG_WARN_RANGE_LOOP_ANALYSIS = YES;
				CLANG_WARN_STRICT_PROTOTYPES = YES;
				CLANG_WARN_SUSPICIOUS_MOVE = YES;
				CLANG_WARN_UNGUARDED_AVAILABILITY = YES_AGGRESSIVE;
				CLANG_WARN_UNREACHABLE_CODE = YES;
				CLANG_WARN__DUPLICATE_METHOD_MATCH = YES;
				COPY_PHASE_STRIP = NO;
				DEBUG_INFORMATION_FORMAT = dwarf;
				ENABLE_STRICT_OBJC_MSGSEND = YES;
				ENABLE_TESTABILITY = YES;
				GCC_C_LANGUAGE_STANDARD = gnu11;
				GCC_DYNAMIC_NO_PIC = NO;
				GCC_NO_COMMON_BLOCKS = YES;
				GCC_OPTIMIZATION_LEVEL = 0;
				GCC_PREPROCESSOR_DEFINITIONS = (
					"DEBUG=1",
					"$(inherited)",
				);
				GCC_WARN_64_TO_32_BIT_CONVERSION = YES;
				GCC_WARN_ABOUT_RETURN_TYPE = YES_ERROR;
				GCC_WARN_UNDECLARED_SELECTOR = YES;
				GCC_WARN_UNINITIALIZED_AUTOS = YES_AGGRESSIVE;
				GCC_WARN_UNUSED_FUNCTION = YES;
				GCC_WARN_UNUSED_VARIABLE = YES;
				IPHONEOS_DEPLOYMENT_TARGET = 14.4;
				MTL_ENABLE_DEBUG_INFO = INCLUDE_SOURCE;
				MTL_FAST_MATH = YES;
				ONLY_ACTIVE_ARCH = YES;
				SDKROOT = iphoneos;
				SWIFT_ACTIVE_COMPILATION_CONDITIONS = DEBUG;
				SWIFT_OPTIMIZATION_LEVEL = "-Onone";
			};
			name = Debug;
		};
		BAACA60B25E466F8001761B1 /* Release */ = {
			isa = XCBuildConfiguration;
			buildSettings = {
				ALWAYS_SEARCH_USER_PATHS = NO;
				CLANG_ANALYZER_NONNULL = YES;
				CLANG_ANALYZER_NUMBER_OBJECT_CONVERSION = YES_AGGRESSIVE;
				CLANG_CXX_LANGUAGE_STANDARD = "gnu++14";
				CLANG_CXX_LIBRARY = "libc++";
				CLANG_ENABLE_MODULES = YES;
				CLANG_ENABLE_OBJC_ARC = YES;
				CLANG_ENABLE_OBJC_WEAK = YES;
				CLANG_WARN_BLOCK_CAPTURE_AUTORELEASING = YES;
				CLANG_WARN_BOOL_CONVERSION = YES;
				CLANG_WARN_COMMA = YES;
				CLANG_WARN_CONSTANT_CONVERSION = YES;
				CLANG_WARN_DEPRECATED_OBJC_IMPLEMENTATIONS = YES;
				CLANG_WARN_DIRECT_OBJC_ISA_USAGE = YES_ERROR;
				CLANG_WARN_DOCUMENTATION_COMMENTS = YES;
				CLANG_WARN_EMPTY_BODY = YES;
				CLANG_WARN_ENUM_CONVERSION = YES;
				CLANG_WARN_INFINITE_RECURSION = YES;
				CLANG_WARN_INT_CONVERSION = YES;
				CLANG_WARN_NON_LITERAL_NULL_CONVERSION = YES;
				CLANG_WARN_OBJC_IMPLICIT_RETAIN_SELF = YES;
				CLANG_WARN_OBJC_LITERAL_CONVERSION = YES;
				CLANG_WARN_OBJC_ROOT_CLASS = YES_ERROR;
				CLANG_WARN_QUOTED_INCLUDE_IN_FRAMEWORK_HEADER = YES;
				CLANG_WARN_RANGE_LOOP_ANALYSIS = YES;
				CLANG_WARN_STRICT_PROTOTYPES = YES;
				CLANG_WARN_SUSPICIOUS_MOVE = YES;
				CLANG_WARN_UNGUARDED_AVAILABILITY = YES_AGGRESSIVE;
				CLANG_WARN_UNREACHABLE_CODE = YES;
				CLANG_WARN__DUPLICATE_METHOD_MATCH = YES;
				COPY_PHASE_STRIP = NO;
				DEBUG_INFORMATION_FORMAT = "dwarf-with-dsym";
				ENABLE_NS_ASSERTIONS = NO;
				ENABLE_STRICT_OBJC_MSGSEND = YES;
				GCC_C_LANGUAGE_STANDARD = gnu11;
				GCC_NO_COMMON_BLOCKS = YES;
				GCC_WARN_64_TO_32_BIT_CONVERSION = YES;
				GCC_WARN_ABOUT_RETURN_TYPE = YES_ERROR;
				GCC_WARN_UNDECLARED_SELECTOR = YES;
				GCC_WARN_UNINITIALIZED_AUTOS = YES_AGGRESSIVE;
				GCC_WARN_UNUSED_FUNCTION = YES;
				GCC_WARN_UNUSED_VARIABLE = YES;
				IPHONEOS_DEPLOYMENT_TARGET = 14.4;
				MTL_ENABLE_DEBUG_INFO = NO;
				MTL_FAST_MATH = YES;
				SDKROOT = iphoneos;
				SWIFT_COMPILATION_MODE = wholemodule;
				SWIFT_OPTIMIZATION_LEVEL = "-O";
				VALIDATE_PRODUCT = YES;
			};
			name = Release;
		};
		BAACA60D25E466F8001761B1 /* Debug */ = {
			isa = XCBuildConfiguration;
			baseConfigurationReference = B462923CB20E3A8F4B0F9C56 /* Pods-Chat-App.debug.xcconfig */;
			buildSettings = {
				ASSETCATALOG_COMPILER_APPICON_NAME = AppIcon;
				ASSETCATALOG_COMPILER_GLOBAL_ACCENT_COLOR_NAME = AccentColor;
				CODE_SIGN_STYLE = Automatic;
				INFOPLIST_FILE = "Chat-App/Info.plist";
				LD_RUNPATH_SEARCH_PATHS = (
					"$(inherited)",
					"@executable_path/Frameworks",
				);
				PRODUCT_BUNDLE_IDENTIFIER = "com.ruchirelukurthy.Chat-App";
				PRODUCT_NAME = "$(TARGET_NAME)";
				SWIFT_VERSION = 5.0;
				TARGETED_DEVICE_FAMILY = "1,2";
			};
			name = Debug;
		};
		BAACA60E25E466F8001761B1 /* Release */ = {
			isa = XCBuildConfiguration;
			baseConfigurationReference = 4707485C1E7A8EFC8CD7AAFC /* Pods-Chat-App.release.xcconfig */;
			buildSettings = {
				ASSETCATALOG_COMPILER_APPICON_NAME = AppIcon;
				ASSETCATALOG_COMPILER_GLOBAL_ACCENT_COLOR_NAME = AccentColor;
				CODE_SIGN_STYLE = Automatic;
				INFOPLIST_FILE = "Chat-App/Info.plist";
				LD_RUNPATH_SEARCH_PATHS = (
					"$(inherited)",
					"@executable_path/Frameworks",
				);
				PRODUCT_BUNDLE_IDENTIFIER = "com.ruchirelukurthy.Chat-App";
				PRODUCT_NAME = "$(TARGET_NAME)";
				SWIFT_VERSION = 5.0;
				TARGETED_DEVICE_FAMILY = "1,2";
			};
			name = Release;
		};
/* End XCBuildConfiguration section */

/* Begin XCConfigurationList section */
		BAACA5F325E466F7001761B1 /* Build configuration list for PBXProject "Chat-App" */ = {
			isa = XCConfigurationList;
			buildConfigurations = (
				BAACA60A25E466F8001761B1 /* Debug */,
				BAACA60B25E466F8001761B1 /* Release */,
			);
			defaultConfigurationIsVisible = 0;
			defaultConfigurationName = Release;
		};
		BAACA60C25E466F8001761B1 /* Build configuration list for PBXNativeTarget "Chat-App" */ = {
			isa = XCConfigurationList;
			buildConfigurations = (
				BAACA60D25E466F8001761B1 /* Debug */,
				BAACA60E25E466F8001761B1 /* Release */,
			);
			defaultConfigurationIsVisible = 0;
			defaultConfigurationName = Release;
		};
/* End XCConfigurationList section */
	};
	rootObject = BAACA5F025E466F7001761B1 /* Project object */;
}
